
Microsoft Visual Studio Solution File, Format Version 12.00
# Visual Studio Version 17
VisualStudioVersion = 17.3.32901.215
MinimumVisualStudioVersion = 10.0.40219.1
Project("{FAE04EC0-301F-11D3-BF4B-00C04F79EFBC}") = "assignment8_AlekseiStepanov", "assignment8_AlekseiStepanov\assignment8_AlekseiStepanov.csproj", "{FDBE33FC-6500-4488-BA47-76257C2E4F36}"
EndProject
Global
	GlobalSection(SolutionConfigurationPlatforms) = preSolution
		Debug|Any CPU = Debug|Any CPU
		Release|Any CPU = Release|Any CPU
	EndGlobalSection
	GlobalSection(ProjectConfigurationPlatforms) = postSolution
		{FDBE33FC-6500-4488-BA47-76257C2E4F36}.Debug|Any CPU.ActiveCfg = Debug|Any CPU
		{FDBE33FC-6500-4488-BA47-76257C2E4F36}.Debug|Any CPU.Build.0 = Debug|Any CPU
		{FDBE33FC-6500-4488-BA47-76257C2E4F36}.Release|Any CPU.ActiveCfg = Release|Any CPU
		{FDBE33FC-6500-4488-BA47-76257C2E4F36}.Release|Any CPU.Build.0 = Release|Any CPU
	EndGlobalSection
	GlobalSection(SolutionProperties) = preSolution
		HideSolutionNode = FALSE
	EndGlobalSection
	GlobalSection(ExtensibilityGlobals) = postSolution
		SolutionGuid = {98AFE082-9700-4624-A9BF-D7CCA1AB009C}
	EndGlobalSection
EndGlobal
